{
  "name": "app-prueba",
  "version": "1.0.0",
  "lockfileVersion": 1,
  "requires": true,
  "dependencies": {
    "@9gustin/todo-api-sdk": {
      "version": "0.0.1",
      "resolved": "https://registry.npmjs.org/@9gustin/todo-api-sdk/-/todo-api-sdk-0.0.1.tgz",
      "integrity": "sha512-PuSsdmWcG+3t+LUkYb8Eai7xFrugK8SzDFYa4DF0eUASMOBtnu4yQ5IYOxjg+WuCiMfcK/Xn2Rx+GdXXvv4pvw=="
    }
  }
}
